{
  "name": "@nextcloud/browserslist-config",
  "version": "3.1.0",
  "lockfileVersion": 3,
  "requires": true,
  "packages": {
    "": {
      "name": "@nextcloud/browserslist-config",
      "version": "3.1.0",
      "license": "GPL-3.0-or-later",
      "devDependencies": {
        "browserslist": "^4.26.3",
        "browserslist-useragent-regexp": "^4.1.3"
      },
      "engines": {
        "node": "^20.0.0",
        "npm": "^10.0.0"
      },
      "peerDependencies": {
        "browserslist": "^4.26.3"
      }
    },
    "node_modules/ansi-regex": {
      "version": "5.0.1",
      "resolved": "https://registry.npmjs.org/ansi-regex/-/ansi-regex-5.0.1.tgz",
      "integrity": "sha512-quJQXlTSUGL2LH9SUXo8VwsY4soanhgo6LNSm84E1LBcE8s3O0wpdiRzyR9z/ZZJMlMWv37qOOb9pdJlMUEKFQ==",
      "dev": true,
      "license": "MIT",
      "engines": {
        "node": ">=8"
      }
    },
    "node_modules/argue-cli": {
      "version": "2.1.0",
      "resolved": "https://registry.npmjs.org/argue-cli/-/argue-cli-2.1.0.tgz",
      "integrity": "sha512-dgojXfc4SiqmNwe38PnbT3zJasrz7g62dLAPD+VFT5RJb8W7LGRqw2IFd2ES+plnhsp4HYNJmFqMU1tCThdCww==",
      "dev": true,
      "license": "MIT",
      "engines": {
        "node": ">=14.0.0"
      }
    },
    "node_modules/baseline-browser-mapping": {
      "version": "2.8.17",
      "resolved": "https://registry.npmjs.org/baseline-browser-mapping/-/baseline-browser-mapping-2.8.17.tgz",
      "integrity": "sha512-j5zJcx6golJYTG6c05LUZ3Z8Gi+M62zRT/ycz4Xq4iCOdpcxwg7ngEYD4KA0eWZC7U17qh/Smq8bYbACJ0ipBA==",
      "dev": true,
      "license": "Apache-2.0",
      "bin": {
        "baseline-browser-mapping": "dist/cli.js"
      }
    },
    "node_modules/browserslist": {
      "version": "4.26.3",
      "resolved": "https://registry.npmjs.org/browserslist/-/browserslist-4.26.3.tgz",
      "integrity": "sha512-lAUU+02RFBuCKQPj/P6NgjlbCnLBMp4UtgTx7vNHd3XSIJF87s9a5rA3aH2yw3GS9DqZAUbOtZdCCiZeVRqt0w==",
      "dev": true,
      "funding": [
        {
          "type": "opencollective",
          "url": "https://opencollective.com/browserslist"
        },
        {
          "type": "tidelift",
          "url": "https://tidelift.com/funding/github/npm/browserslist"
        },
        {
          "type": "github",
          "url": "https://github.com/sponsors/ai"
        }
      ],
      "license": "MIT",
      "dependencies": {
        "baseline-browser-mapping": "^2.8.9",
        "caniuse-lite": "^1.0.30001746",
        "electron-to-chromium": "^1.5.227",
        "node-releases": "^2.0.21",
        "update-browserslist-db": "^1.1.3"
      },
      "bin": {
        "browserslist": "cli.js"
      },
      "engines": {
        "node": "^6 || ^7 || ^8 || ^9 || ^10 || ^11 || ^12 || >=13.7"
      }
    },
    "node_modules/browserslist-useragent-regexp": {
      "version": "4.1.3",
      "resolved": "https://registry.npmjs.org/browserslist-useragent-regexp/-/browserslist-useragent-regexp-4.1.3.tgz",
      "integrity": "sha512-+KteEIVlrE2eJOmtteWhcs3wYKjbFd9fVPzPlj4VGggKMyf9orf+zjmlNt91ekInZ2zqox5ArEZD/tKXDj0v9Q==",
      "dev": true,
      "funding": [
        "https://opencollective.com/browserslist-useragent-regexp",
        "https://ko-fi.com/dangreen"
      ],
      "license": "MIT",
      "dependencies": {
        "argue-cli": "^2.1.0",
        "easy-table": "^1.2.0",
        "picocolors": "^1.0.0",
        "regexp-tree": "^0.1.24",
        "ua-regexes-lite": "^1.2.1"
      },
      "bin": {
        "bluare": "dist/cli.js",
        "browserslist-useragent-regexp": "dist/cli.js"
      },
      "engines": {
        "node": ">=14.0.0"
      },
      "peerDependencies": {
        "browserslist": ">=4.0.0"
      }
    },
    "node_modules/caniuse-lite": {
      "version": "1.0.30001751",
      "resolved": "https://registry.npmjs.org/caniuse-lite/-/caniuse-lite-1.0.30001751.tgz",
      "integrity": "sha512-A0QJhug0Ly64Ii3eIqHu5X51ebln3k4yTUkY1j8drqpWHVreg/VLijN48cZ1bYPiqOQuqpkIKnzr/Ul8V+p6Cw==",
      "dev": true,
      "funding": [
        {
          "type": "opencollective",
          "url": "https://opencollective.com/browserslist"
        },
        {
          "type": "tidelift",
          "url": "https://tidelift.com/funding/github/npm/caniuse-lite"
        },
        {
          "type": "github",
          "url": "https://github.com/sponsors/ai"
        }
      ],
      "license": "CC-BY-4.0"
    },
    "node_modules/clone": {
      "version": "1.0.4",
      "resolved": "https://registry.npmjs.org/clone/-/clone-1.0.4.tgz",
      "integrity": "sha512-JQHZ2QMW6l3aH/j6xCqQThY/9OH4D/9ls34cgkUBiEeocRTU04tHfKPBsUK1PqZCUQM7GiA0IIXJSuXHI64Kbg==",
      "dev": true,
      "license": "MIT",
      "optional": true,
      "engines": {
        "node": ">=0.8"
      }
    },
    "node_modules/defaults": {
      "version": "1.0.4",
      "resolved": "https://registry.npmjs.org/defaults/-/defaults-1.0.4.tgz",
      "integrity": "sha512-eFuaLoy/Rxalv2kr+lqMlUnrDWV+3j4pljOIJgLIhI058IQfWJ7vXhyEIHu+HtC738klGALYxOKDO0bQP3tg8A==",
      "dev": true,
      "license": "MIT",
      "optional": true,
      "dependencies": {
        "clone": "^1.0.2"
      },
      "funding": {
        "url": "https://github.com/sponsors/sindresorhus"
      }
    },
    "node_modules/easy-table": {
      "version": "1.2.0",
      "resolved": "https://registry.npmjs.org/easy-table/-/easy-table-1.2.0.tgz",
      "integrity": "sha512-OFzVOv03YpvtcWGe5AayU5G2hgybsg3iqA6drU8UaoZyB9jLGMTrz9+asnLp/E+6qPh88yEI1gvyZFZ41dmgww==",
      "dev": true,
      "license": "MIT",
      "dependencies": {
        "ansi-regex": "^5.0.1"
      },
      "optionalDependencies": {
        "wcwidth": "^1.0.1"
      }
    },
    "node_modules/electron-to-chromium": {
      "version": "1.5.237",
      "resolved": "https://registry.npmjs.org/electron-to-chromium/-/electron-to-chromium-1.5.237.tgz",
      "integrity": "sha512-icUt1NvfhGLar5lSWH3tHNzablaA5js3HVHacQimfP8ViEBOQv+L7DKEuHdbTZ0SKCO1ogTJTIL1Gwk9S6Qvcg==",
      "dev": true,
      "license": "ISC"
    },
    "node_modules/escalade": {
      "version": "3.2.0",
      "resolved": "https://registry.npmjs.org/escalade/-/escalade-3.2.0.tgz",
      "integrity": "sha512-WUj2qlxaQtO4g6Pq5c29GTcWGDyd8itL8zTlipgECz3JesAiiOKotd8JU6otB3PACgG6xkJUyVhboMS+bje/jA==",
      "dev": true,
      "license": "MIT",
      "engines": {
        "node": ">=6"
      }
    },
    "node_modules/node-releases": {
      "version": "2.0.25",
      "resolved": "https://registry.npmjs.org/node-releases/-/node-releases-2.0.25.tgz",
      "integrity": "sha512-4auku8B/vw5psvTiiN9j1dAOsXvMoGqJuKJcR+dTdqiXEK20mMTk1UEo3HS16LeGQsVG6+qKTPM9u/qQ2LqATA==",
      "dev": true,
      "license": "MIT"
    },
    "node_modules/picocolors": {
      "version": "1.1.1",
      "resolved": "https://registry.npmjs.org/picocolors/-/picocolors-1.1.1.tgz",
      "integrity": "sha512-xceH2snhtb5M9liqDsmEw56le376mTZkEX/jEb/RxNFyegNul7eNslCXP9FDj/Lcu0X8KEyMceP2ntpaHrDEVA==",
      "dev": true,
      "license": "ISC"
    },
    "node_modules/regexp-tree": {
      "version": "0.1.27",
      "resolved": "https://registry.npmjs.org/regexp-tree/-/regexp-tree-0.1.27.tgz",
      "integrity": "sha512-iETxpjK6YoRWJG5o6hXLwvjYAoW+FEZn9os0PD/b6AP6xQwsa/Y7lCVgIixBbUPMfhu+i2LtdeAqVTgGlQarfA==",
      "dev": true,
      "license": "MIT",
      "bin": {
        "regexp-tree": "bin/regexp-tree"
      }
    },
    "node_modules/ua-regexes-lite": {
      "version": "1.2.1",
      "resolved": "https://registry.npmjs.org/ua-regexes-lite/-/ua-regexes-lite-1.2.1.tgz",
      "integrity": "sha512-ling4WX4ZtxXjmSMHzuI8PGos2brw/6gG3YuVWn5RunHoQjeCokpFeMe/ti+R8E7kOTLE2FqBG4bMdFQLFwcJQ==",
      "dev": true,
      "funding": [
        "https://opencollective.com/browserslist-useragent-regexp",
        "https://ko-fi.com/dangreen"
      ],
      "license": "MIT",
      "engines": {
        "node": ">=14"
      }
    },
    "node_modules/update-browserslist-db": {
      "version": "1.1.3",
      "resolved": "https://registry.npmjs.org/update-browserslist-db/-/update-browserslist-db-1.1.3.tgz",
      "integrity": "sha512-UxhIZQ+QInVdunkDAaiazvvT/+fXL5Osr0JZlJulepYu6Jd7qJtDZjlur0emRlT71EN3ScPoE7gvsuIKKNavKw==",
      "dev": true,
      "funding": [
        {
          "type": "opencollective",
          "url": "https://opencollective.com/browserslist"
        },
        {
          "type": "tidelift",
          "url": "https://tidelift.com/funding/github/npm/browserslist"
        },
        {
          "type": "github",
          "url": "https://github.com/sponsors/ai"
        }
      ],
      "license": "MIT",
      "dependencies": {
        "escalade": "^3.2.0",
        "picocolors": "^1.1.1"
      },
      "bin": {
        "update-browserslist-db": "cli.js"
      },
      "peerDependencies": {
        "browserslist": ">= 4.21.0"
      }
    },
    "node_modules/wcwidth": {
      "version": "1.0.1",
      "resolved": "https://registry.npmjs.org/wcwidth/-/wcwidth-1.0.1.tgz",
      "integrity": "sha512-XHPEwS0q6TaxcvG85+8EYkbiCux2XtWG2mkc47Ng2A77BQu9+DqIOJldST4HgPkuea7dvKSj5VgX3P1d4rW8Tg==",
      "dev": true,
      "license": "MIT",
      "optional": true,
      "dependencies": {
        "defaults": "^1.0.3"
      }
    }
  }
}
