{
  "name": "@nextcloud/browserslist-config",
  "version": "3.0.1",
  "lockfileVersion": 3,
  "requires": true,
  "packages": {
    "": {
      "name": "@nextcloud/browserslist-config",
      "version": "3.0.1",
      "license": "GPL-3.0-or-later",
      "engines": {
        "node": "^20.0.0",
        "npm": "^10.0.0"
      }
    }
  }
}
